// !$*UTF8*$!
{
	archiveVersion = 1;
	classes = {
	};
	objectVersion = 50;
	objects = {

/* Begin PBXBuildFile section */
		3E26034920BB9CF00057F639 /* ArgumentParser.swift in Sources */ = {isa = PBXBuildFile; fileRef = 3E5B983020BB1BFF0054EBE5 /* ArgumentParser.swift */; };
		3E26034A20BB9CF40057F639 /* Array+Utilities.swift in Sources */ = {isa = PBXBuildFile; fileRef = 3E5B983420BB1DE00054EBE5 /* Array+Utilities.swift */; };
		3E26034C20BB9CFD0057F639 /* FileReverter.swift in Sources */ = {isa = PBXBuildFile; fileRef = 3E5B982E20BB1B950054EBE5 /* FileReverter.swift */; };
		3E5B982F20BB1B950054EBE5 /* FileReverter.swift in Sources */ = {isa = PBXBuildFile; fileRef = 3E5B982E20BB1B950054EBE5 /* FileReverter.swift */; };
		3E5B983120BB1BFF0054EBE5 /* ArgumentParser.swift in Sources */ = {isa = PBXBuildFile; fileRef = 3E5B983020BB1BFF0054EBE5 /* ArgumentParser.swift */; };
		3E5B983320BB1CF10054EBE5 /* String+Error.swift in Sources */ = {isa = PBXBuildFile; fileRef = 3E5B983220BB1CF10054EBE5 /* String+Error.swift */; };
		3E5B983520BB1DE00054EBE5 /* Array+Utilities.swift in Sources */ = {isa = PBXBuildFile; fileRef = 3E5B983420BB1DE00054EBE5 /* Array+Utilities.swift */; };
		3E5B983D20BB95ED0054EBE5 /* FileReverterTests.swift in Sources */ = {isa = PBXBuildFile; fileRef = 3E5B983C20BB95ED0054EBE5 /* FileReverterTests.swift */; };
		3E5B984320BB969B0054EBE5 /* ArgumentParserTests.swift in Sources */ = {isa = PBXBuildFile; fileRef = 3E5B984220BB969B0054EBE5 /* ArgumentParserTests.swift */; };
		3E5F678720BC92F6009E5719 /* URL+TestHelper.swift in Sources */ = {isa = PBXBuildFile; fileRef = 3E5F678620BC92F6009E5719 /* URL+TestHelper.swift */; };
		3E6D60C920BB11EF009F152C /* main.swift in Sources */ = {isa = PBXBuildFile; fileRef = 3E6D60C820BB11EF009F152C /* main.swift */; };
		3EA1948E20BB9E17006ECFE3 /* String+Error.swift in Sources */ = {isa = PBXBuildFile; fileRef = 3E5B983220BB1CF10054EBE5 /* String+Error.swift */; };
/* End PBXBuildFile section */

/* Begin PBXCopyFilesBuildPhase section */
		3E6D60C320BB11EF009F152C /* CopyFiles */ = {
			isa = PBXCopyFilesBuildPhase;
			buildActionMask = 2147483647;
			dstPath = /usr/share/man/man1/;
			dstSubfolderSpec = 0;
			files = (
			);
			runOnlyForDeploymentPostprocessing = 1;
		};
/* End PBXCopyFilesBuildPhase section */

/* Begin PBXFileReference section */
		3E5B982E20BB1B950054EBE5 /* FileReverter.swift */ = {isa = PBXFileReference; lastKnownFileType = sourcecode.swift; path = FileReverter.swift; sourceTree = "<group>"; };
		3E5B983020BB1BFF0054EBE5 /* ArgumentParser.swift */ = {isa = PBXFileReference; lastKnownFileType = sourcecode.swift; path = ArgumentParser.swift; sourceTree = "<group>"; };
		3E5B983220BB1CF10054EBE5 /* String+Error.swift */ = {isa = PBXFileReference; lastKnownFileType = sourcecode.swift; path = "String+Error.swift"; sourceTree = "<group>"; };
		3E5B983420BB1DE00054EBE5 /* Array+Utilities.swift */ = {isa = PBXFileReference; lastKnownFileType = sourcecode.swift; path = "Array+Utilities.swift"; sourceTree = "<group>"; };
		3E5B983A20BB95EC0054EBE5 /* git-recover-tests.xctest */ = {isa = PBXFileReference; explicitFileType = wrapper.cfbundle; includeInIndex = 0; path = "git-recover-tests.xctest"; sourceTree = BUILT_PRODUCTS_DIR; };
		3E5B983C20BB95ED0054EBE5 /* FileReverterTests.swift */ = {isa = PBXFileReference; lastKnownFileType = sourcecode.swift; path = FileReverterTests.swift; sourceTree = "<group>"; };
		3E5B983E20BB95ED0054EBE5 /* Info.plist */ = {isa = PBXFileReference; lastKnownFileType = text.plist.xml; path = Info.plist; sourceTree = "<group>"; };
		3E5B984220BB969B0054EBE5 /* ArgumentParserTests.swift */ = {isa = PBXFileReference; lastKnownFileType = sourcecode.swift; path = ArgumentParserTests.swift; sourceTree = "<group>"; };
		3E5F678620BC92F6009E5719 /* URL+TestHelper.swift */ = {isa = PBXFileReference; lastKnownFileType = sourcecode.swift; path = "URL+TestHelper.swift"; sourceTree = "<group>"; };
		3E6D60C520BB11EF009F152C /* git-recover */ = {isa = PBXFileReference; explicitFileType = "compiled.mach-o.executable"; includeInIndex = 0; path = "git-recover"; sourceTree = BUILT_PRODUCTS_DIR; };
		3E6D60C820BB11EF009F152C /* main.swift */ = {isa = PBXFileReference; lastKnownFileType = sourcecode.swift; path = main.swift; sourceTree = "<group>"; };
/* End PBXFileReference section */

/* Begin PBXFrameworksBuildPhase section */
		3E5B983720BB95EC0054EBE5 /* Frameworks */ = {
			isa = PBXFrameworksBuildPhase;
			buildActionMask = 2147483647;
			files = (
			);
			runOnlyForDeploymentPostprocessing = 0;
		};
		3E6D60C220BB11EF009F152C /* Frameworks */ = {
			isa = PBXFrameworksBuildPhase;
			buildActionMask = 2147483647;
			files = (
			);
			runOnlyForDeploymentPostprocessing = 0;
		};
/* End PBXFrameworksBuildPhase section */

/* Begin PBXGroup section */
		3E5B983B20BB95ED0054EBE5 /* git-recover-tests */ = {
			isa = PBXGroup;
			children = (
				3E5B983C20BB95ED0054EBE5 /* FileReverterTests.swift */,
				3E5B984220BB969B0054EBE5 /* ArgumentParserTests.swift */,
				3E5F678620BC92F6009E5719 /* URL+TestHelper.swift */,
				3E5B983E20BB95ED0054EBE5 /* Info.plist */,
			);
			path = "git-recover-tests";
			sourceTree = "<group>";
		};
		3E6D60BC20BB11EF009F152C = {
			isa = PBXGroup;
			children = (
				3E6D60C720BB11EF009F152C /* git-recover */,
				3E5B983B20BB95ED0054EBE5 /* git-recover-tests */,
				3E6D60C620BB11EF009F152C /* Products */,
			);
			sourceTree = "<group>";
		};
		3E6D60C620BB11EF009F152C /* Products */ = {
			isa = PBXGroup;
			children = (
				3E6D60C520BB11EF009F152C /* git-recover */,
				3E5B983A20BB95EC0054EBE5 /* git-recover-tests.xctest */,
			);
			name = Products;
			sourceTree = "<group>";
		};
		3E6D60C720BB11EF009F152C /* git-recover */ = {
			isa = PBXGroup;
			children = (
				3E6D60C820BB11EF009F152C /* main.swift */,
				3E5B982E20BB1B950054EBE5 /* FileReverter.swift */,
				3E5B983020BB1BFF0054EBE5 /* ArgumentParser.swift */,
				3E5B983420BB1DE00054EBE5 /* Array+Utilities.swift */,
				3E5B983220BB1CF10054EBE5 /* String+Error.swift */,
			);
			path = "git-recover";
			sourceTree = "<group>";
		};
/* End PBXGroup section */

/* Begin PBXNativeTarget section */
		3E5B983920BB95EC0054EBE5 /* git-recover-tests */ = {
			isa = PBXNativeTarget;
			buildConfigurationList = 3E5B983F20BB95ED0054EBE5 /* Build configuration list for PBXNativeTarget "git-recover-tests" */;
			buildPhases = (
				3E5B983620BB95EC0054EBE5 /* Sources */,
				3E5B983720BB95EC0054EBE5 /* Frameworks */,
				3E5B983820BB95EC0054EBE5 /* Resources */,
			);
			buildRules = (
			);
			dependencies = (
			);
			name = "git-recover-tests";
			productName = GitRecoverTests;
			productReference = 3E5B983A20BB95EC0054EBE5 /* git-recover-tests.xctest */;
			productType = "com.apple.product-type.bundle.unit-test";
		};
		3E6D60C420BB11EF009F152C /* git-recover */ = {
			isa = PBXNativeTarget;
			buildConfigurationList = 3E6D60CC20BB11EF009F152C /* Build configuration list for PBXNativeTarget "git-recover" */;
			buildPhases = (
				3E6D60C120BB11EF009F152C /* Sources */,
				3E6D60C220BB11EF009F152C /* Frameworks */,
				3E6D60C320BB11EF009F152C /* CopyFiles */,
			);
			buildRules = (
			);
			dependencies = (
			);
			name = "git-recover";
			productName = GitRecover;
			productReference = 3E6D60C520BB11EF009F152C /* git-recover */;
			productType = "com.apple.product-type.tool";
		};
/* End PBXNativeTarget section */

/* Begin PBXProject section */
		3E6D60BD20BB11EF009F152C /* Project object */ = {
			isa = PBXProject;
			attributes = {
				LastSwiftUpdateCheck = 0930;
				LastUpgradeCheck = 0930;
				ORGANIZATIONNAME = CharltonProvatas;
				TargetAttributes = {
					3E5B983920BB95EC0054EBE5 = {
						CreatedOnToolsVersion = 9.3;
					};
					3E6D60C420BB11EF009F152C = {
						CreatedOnToolsVersion = 9.3;
					};
				};
			};
			buildConfigurationList = 3E6D60C020BB11EF009F152C /* Build configuration list for PBXProject "git-recover" */;
			compatibilityVersion = "Xcode 9.3";
			developmentRegion = en;
			hasScannedForEncodings = 0;
			knownRegions = (
				en,
			);
			mainGroup = 3E6D60BC20BB11EF009F152C;
			productRefGroup = 3E6D60C620BB11EF009F152C /* Products */;
			projectDirPath = "";
			projectRoot = "";
			targets = (
				3E6D60C420BB11EF009F152C /* git-recover */,
				3E5B983920BB95EC0054EBE5 /* git-recover-tests */,
			);
		};
/* End PBXProject section */

/* Begin PBXResourcesBuildPhase section */
		3E5B983820BB95EC0054EBE5 /* Resources */ = {
			isa = PBXResourcesBuildPhase;
			buildActionMask = 2147483647;
			files = (
			);
			runOnlyForDeploymentPostprocessing = 0;
		};
/* End PBXResourcesBuildPhase section */

/* Begin PBXSourcesBuildPhase section */
		3E5B983620BB95EC0054EBE5 /* Sources */ = {
			isa = PBXSourcesBuildPhase;
			buildActionMask = 2147483647;
			files = (
				3E5B983D20BB95ED0054EBE5 /* FileReverterTests.swift in Sources */,
				3EA1948E20BB9E17006ECFE3 /* String+Error.swift in Sources */,
				3E5B984320BB969B0054EBE5 /* ArgumentParserTests.swift in Sources */,
				3E26034C20BB9CFD0057F639 /* FileReverter.swift in Sources */,
				3E26034A20BB9CF40057F639 /* Array+Utilities.swift in Sources */,
				3E5F678720BC92F6009E5719 /* URL+TestHelper.swift in Sources */,
				3E26034920BB9CF00057F639 /* ArgumentParser.swift in Sources */,
			);
			runOnlyForDeploymentPostprocessing = 0;
		};
		3E6D60C120BB11EF009F152C /* Sources */ = {
			isa = PBXSourcesBuildPhase;
			buildActionMask = 2147483647;
			files = (
				3E6D60C920BB11EF009F152C /* main.swift in Sources */,
				3E5B983520BB1DE00054EBE5 /* Array+Utilities.swift in Sources */,
				3E5B983320BB1CF10054EBE5 /* String+Error.swift in Sources */,
				3E5B982F20BB1B950054EBE5 /* FileReverter.swift in Sources */,
				3E5B983120BB1BFF0054EBE5 /* ArgumentParser.swift in Sources */,
			);
			runOnlyForDeploymentPostprocessing = 0;
		};
/* End PBXSourcesBuildPhase section */

/* Begin XCBuildConfiguration section */
		3E5B984020BB95ED0054EBE5 /* Debug */ = {
			isa = XCBuildConfiguration;
			buildSettings = {
				CODE_SIGN_STYLE = Automatic;
				COMBINE_HIDPI_IMAGES = YES;
				DEVELOPMENT_TEAM = WJQ6ARU45L;
				INFOPLIST_FILE = "$(SRCROOT)/git-recover-tests/Info.plist";
				LD_RUNPATH_SEARCH_PATHS = (
					"$(inherited)",
					"@executable_path/../Frameworks",
					"@loader_path/../Frameworks",
				);
				PRODUCT_BUNDLE_IDENTIFIER = com.charltonprovatas.com.GitRecoverTests;
				PRODUCT_NAME = "$(TARGET_NAME)";
				SWIFT_VERSION = 4.0;
			};
			name = Debug;
		};
		3E5B984120BB95ED0054EBE5 /* Release */ = {
			isa = XCBuildConfiguration;
			buildSettings = {
				CODE_SIGN_STYLE = Automatic;
				COMBINE_HIDPI_IMAGES = YES;
				DEVELOPMENT_TEAM = WJQ6ARU45L;
				INFOPLIST_FILE = "$(SRCROOT)/git-recover-tests/Info.plist";
				LD_RUNPATH_SEARCH_PATHS = (
					"$(inherited)",
					"@executable_path/../Frameworks",
					"@loader_path/../Frameworks",
				);
				PRODUCT_BUNDLE_IDENTIFIER = com.charltonprovatas.com.GitRecoverTests;
				PRODUCT_NAME = "$(TARGET_NAME)";
				SWIFT_VERSION = 4.0;
			};
			name = Release;
		};
		3E6D60CA20BB11EF009F152C /* Debug */ = {
			isa = XCBuildConfiguration;
			buildSettings = {
				ALWAYS_SEARCH_USER_PATHS = NO;
				CLANG_ANALYZER_NONNULL = YES;
				CLANG_ANALYZER_NUMBER_OBJECT_CONVERSION = YES_AGGRESSIVE;
				CLANG_CXX_LANGUAGE_STANDARD = "gnu++14";
				CLANG_CXX_LIBRARY = "libc++";
				CLANG_ENABLE_MODULES = YES;
				CLANG_ENABLE_OBJC_ARC = YES;
				CLANG_ENABLE_OBJC_WEAK = YES;
				CLANG_WARN_BLOCK_CAPTURE_AUTORELEASING = YES;
				CLANG_WARN_BOOL_CONVERSION = YES;
				CLANG_WARN_COMMA = YES;
				CLANG_WARN_CONSTANT_CONVERSION = YES;
				CLANG_WARN_DEPRECATED_OBJC_IMPLEMENTATIONS = YES;
				CLANG_WARN_DIRECT_OBJC_ISA_USAGE = YES_ERROR;
				CLANG_WARN_DOCUMENTATION_COMMENTS = YES;
				CLANG_WARN_EMPTY_BODY = YES;
				CLANG_WARN_ENUM_CONVERSION = YES;
				CLANG_WARN_INFINITE_RECURSION = YES;
				CLANG_WARN_INT_CONVERSION = YES;
				CLANG_WARN_NON_LITERAL_NULL_CONVERSION = YES;
				CLANG_WARN_OBJC_IMPLICIT_RETAIN_SELF = YES;
				CLANG_WARN_OBJC_LITERAL_CONVERSION = YES;
				CLANG_WARN_OBJC_ROOT_CLASS = YES_ERROR;
				CLANG_WARN_RANGE_LOOP_ANALYSIS = YES;
				CLANG_WARN_STRICT_PROTOTYPES = YES;
				CLANG_WARN_SUSPICIOUS_MOVE = YES;
				CLANG_WARN_UNGUARDED_AVAILABILITY = YES_AGGRESSIVE;
				CLANG_WARN_UNREACHABLE_CODE = YES;
				CLANG_WARN__DUPLICATE_METHOD_MATCH = YES;
				CODE_SIGN_IDENTITY = "Mac Developer";
				COPY_PHASE_STRIP = NO;
				DEBUG_INFORMATION_FORMAT = dwarf;
				ENABLE_STRICT_OBJC_MSGSEND = YES;
				ENABLE_TESTABILITY = YES;
				GCC_C_LANGUAGE_STANDARD = gnu11;
				GCC_DYNAMIC_NO_PIC = NO;
				GCC_NO_COMMON_BLOCKS = YES;
				GCC_OPTIMIZATION_LEVEL = 0;
				GCC_PREPROCESSOR_DEFINITIONS = (
					"DEBUG=1",
					"$(inherited)",
				);
				GCC_WARN_64_TO_32_BIT_CONVERSION = YES;
				GCC_WARN_ABOUT_RETURN_TYPE = YES_ERROR;
				GCC_WARN_UNDECLARED_SELECTOR = YES;
				GCC_WARN_UNINITIALIZED_AUTOS = YES_AGGRESSIVE;
				GCC_WARN_UNUSED_FUNCTION = YES;
				GCC_WARN_UNUSED_VARIABLE = YES;
				MACOSX_DEPLOYMENT_TARGET = 10.13;
				MTL_ENABLE_DEBUG_INFO = YES;
				ONLY_ACTIVE_ARCH = YES;
				SDKROOT = macosx;
				SWIFT_ACTIVE_COMPILATION_CONDITIONS = DEBUG;
				SWIFT_OPTIMIZATION_LEVEL = "-Onone";
			};
			name = Debug;
		};
		3E6D60CB20BB11EF009F152C /* Release */ = {
			isa = XCBuildConfiguration;
			buildSettings = {
				ALWAYS_SEARCH_USER_PATHS = NO;
				CLANG_ANALYZER_NONNULL = YES;
				CLANG_ANALYZER_NUMBER_OBJECT_CONVERSION = YES_AGGRESSIVE;
				CLANG_CXX_LANGUAGE_STANDARD = "gnu++14";
				CLANG_CXX_LIBRARY = "libc++";
				CLANG_ENABLE_MODULES = YES;
				CLANG_ENABLE_OBJC_ARC = YES;
				CLANG_ENABLE_OBJC_WEAK = YES;
				CLANG_WARN_BLOCK_CAPTURE_AUTORELEASING = YES;
				CLANG_WARN_BOOL_CONVERSION = YES;
				CLANG_WARN_COMMA = YES;
				CLANG_WARN_CONSTANT_CONVERSION = YES;
				CLANG_WARN_DEPRECATED_OBJC_IMPLEMENTATIONS = YES;
				CLANG_WARN_DIRECT_OBJC_ISA_USAGE = YES_ERROR;
				CLANG_WARN_DOCUMENTATION_COMMENTS = YES;
				CLANG_WARN_EMPTY_BODY = YES;
				CLANG_WARN_ENUM_CONVERSION = YES;
				CLANG_WARN_INFINITE_RECURSION = YES;
				CLANG_WARN_INT_CONVERSION = YES;
				CLANG_WARN_NON_LITERAL_NULL_CONVERSION = YES;
				CLANG_WARN_OBJC_IMPLICIT_RETAIN_SELF = YES;
				CLANG_WARN_OBJC_LITERAL_CONVERSION = YES;
				CLANG_WARN_OBJC_ROOT_CLASS = YES_ERROR;
				CLANG_WARN_RANGE_LOOP_ANALYSIS = YES;
				CLANG_WARN_STRICT_PROTOTYPES = YES;
				CLANG_WARN_SUSPICIOUS_MOVE = YES;
				CLANG_WARN_UNGUARDED_AVAILABILITY = YES_AGGRESSIVE;
				CLANG_WARN_UNREACHABLE_CODE = YES;
				CLANG_WARN__DUPLICATE_METHOD_MATCH = YES;
				CODE_SIGN_IDENTITY = "Mac Developer";
				COPY_PHASE_STRIP = NO;
				DEBUG_INFORMATION_FORMAT = "dwarf-with-dsym";
				ENABLE_NS_ASSERTIONS = NO;
				ENABLE_STRICT_OBJC_MSGSEND = YES;
				GCC_C_LANGUAGE_STANDARD = gnu11;
				GCC_NO_COMMON_BLOCKS = YES;
				GCC_WARN_64_TO_32_BIT_CONVERSION = YES;
				GCC_WARN_ABOUT_RETURN_TYPE = YES_ERROR;
				GCC_WARN_UNDECLARED_SELECTOR = YES;
				GCC_WARN_UNINITIALIZED_AUTOS = YES_AGGRESSIVE;
				GCC_WARN_UNUSED_FUNCTION = YES;
				GCC_WARN_UNUSED_VARIABLE = YES;
				MACOSX_DEPLOYMENT_TARGET = 10.13;
				MTL_ENABLE_DEBUG_INFO = NO;
				SDKROOT = macosx;
				SWIFT_COMPILATION_MODE = wholemodule;
				SWIFT_OPTIMIZATION_LEVEL = "-O";
			};
			name = Release;
		};
		3E6D60CD20BB11EF009F152C /* Debug */ = {
			isa = XCBuildConfiguration;
			buildSettings = {
				CODE_SIGN_STYLE = Automatic;
				DEVELOPMENT_TEAM = WJQ6ARU45L;
				INFOPLIST_FILE = "";
				PRODUCT_NAME = "$(TARGET_NAME)";
				SWIFT_VERSION = 4.0;
			};
			name = Debug;
		};
		3E6D60CE20BB11EF009F152C /* Release */ = {
			isa = XCBuildConfiguration;
			buildSettings = {
				CODE_SIGN_STYLE = Automatic;
				DEVELOPMENT_TEAM = WJQ6ARU45L;
				INFOPLIST_FILE = "";
				PRODUCT_NAME = "$(TARGET_NAME)";
				SWIFT_VERSION = 4.0;
			};
			name = Release;
		};
/* End XCBuildConfiguration section */

/* Begin XCConfigurationList section */
		3E5B983F20BB95ED0054EBE5 /* Build configuration list for PBXNativeTarget "git-recover-tests" */ = {
			isa = XCConfigurationList;
			buildConfigurations = (
				3E5B984020BB95ED0054EBE5 /* Debug */,
				3E5B984120BB95ED0054EBE5 /* Release */,
			);
			defaultConfigurationIsVisible = 0;
			defaultConfigurationName = Release;
		};
		3E6D60C020BB11EF009F152C /* Build configuration list for PBXProject "git-recover" */ = {
			isa = XCConfigurationList;
			buildConfigurations = (
				3E6D60CA20BB11EF009F152C /* Debug */,
				3E6D60CB20BB11EF009F152C /* Release */,
			);
			defaultConfigurationIsVisible = 0;
			defaultConfigurationName = Release;
		};
		3E6D60CC20BB11EF009F152C /* Build configuration list for PBXNativeTarget "git-recover" */ = {
			isa = XCConfigurationList;
			buildConfigurations = (
				3E6D60CD20BB11EF009F152C /* Debug */,
				3E6D60CE20BB11EF009F152C /* Release */,
			);
			defaultConfigurationIsVisible = 0;
			defaultConfigurationName = Release;
		};
/* End XCConfigurationList section */
	};
	rootObject = 3E6D60BD20BB11EF009F152C /* Project object */;
}
